
Microsoft Visual Studio Solution File, Format Version 12.00
# Visual Studio Version 16
VisualStudioVersion = 16.0.29020.237
MinimumVisualStudioVersion = 10.0.40219.1
Project("{8BC9CEB8-8B4A-11D0-8D11-00A0C91BC942}") = "homeiot_shared", "src\homeiot_shared.vcxitems", "{3AF0FF09-E14E-4C93-A9CA-FF9B1310E90D}"
EndProject
Global
	GlobalSection(SolutionProperties) = preSolution
		HideSolutionNode = FALSE
	EndGlobalSection
	GlobalSection(ExtensibilityGlobals) = postSolution
		SolutionGuid = {8043D5C7-486D-400E-B3E0-3D4B1AA3B201}
	EndGlobalSection
EndGlobal
